
Microsoft Visual Studio Solution File, Format Version 12.00
# Visual Studio Version 16
VisualStudioVersion = 16.0.32630.194
MinimumVisualStudioVersion = 10.0.40219.1
Project("{FAE04EC0-301F-11D3-BF4B-00C04F79EFBC}") = "EntradaSaidaDados", "EntradaSaidaDados\EntradaSaidaDados.csproj", "{6C491F6A-9712-4613-9853-488762DB7B9F}"
EndProject
Global
	GlobalSection(SolutionConfigurationPlatforms) = preSolution
		Debug|Any CPU = Debug|Any CPU
		Release|Any CPU = Release|Any CPU
	EndGlobalSection
	GlobalSection(ProjectConfigurationPlatforms) = postSolution
		{6C491F6A-9712-4613-9853-488762DB7B9F}.Debug|Any CPU.ActiveCfg = Debug|Any CPU
		{6C491F6A-9712-4613-9853-488762DB7B9F}.Debug|Any CPU.Build.0 = Debug|Any CPU
		{6C491F6A-9712-4613-9853-488762DB7B9F}.Release|Any CPU.ActiveCfg = Release|Any CPU
		{6C491F6A-9712-4613-9853-488762DB7B9F}.Release|Any CPU.Build.0 = Release|Any CPU
	EndGlobalSection
	GlobalSection(SolutionProperties) = preSolution
		HideSolutionNode = FALSE
	EndGlobalSection
	GlobalSection(ExtensibilityGlobals) = postSolution
		SolutionGuid = {6EFD444E-BF24-41ED-9F88-DC8B13F96918}
	EndGlobalSection
EndGlobal
