
Microsoft Visual Studio Solution File, Format Version 12.00
# Visual Studio Version 16
VisualStudioVersion = 16.0.32630.194
MinimumVisualStudioVersion = 10.0.40219.1
Project("{FAE04EC0-301F-11D3-BF4B-00C04F79EFBC}") = "PrimeirosExerciciosOrientadoObjeto", "PrimeirosExerciciosOrientadoObjeto\PrimeirosExerciciosOrientadoObjeto.csproj", "{DE826810-0B4E-4BCC-94A7-EF270C5E5EEC}"
EndProject
Global
	GlobalSection(SolutionConfigurationPlatforms) = preSolution
		Debug|Any CPU = Debug|Any CPU
		Release|Any CPU = Release|Any CPU
	EndGlobalSection
	GlobalSection(ProjectConfigurationPlatforms) = postSolution
		{DE826810-0B4E-4BCC-94A7-EF270C5E5EEC}.Debug|Any CPU.ActiveCfg = Debug|Any CPU
		{DE826810-0B4E-4BCC-94A7-EF270C5E5EEC}.Debug|Any CPU.Build.0 = Debug|Any CPU
		{DE826810-0B4E-4BCC-94A7-EF270C5E5EEC}.Release|Any CPU.ActiveCfg = Release|Any CPU
		{DE826810-0B4E-4BCC-94A7-EF270C5E5EEC}.Release|Any CPU.Build.0 = Release|Any CPU
	EndGlobalSection
	GlobalSection(SolutionProperties) = preSolution
		HideSolutionNode = FALSE
	EndGlobalSection
	GlobalSection(ExtensibilityGlobals) = postSolution
		SolutionGuid = {AFDAB4F6-84B0-4E9B-9F6F-F25345D21349}
	EndGlobalSection
EndGlobal
