
Microsoft Visual Studio Solution File, Format Version 12.00
# Visual Studio Version 16
VisualStudioVersion = 16.0.32630.194
MinimumVisualStudioVersion = 10.0.40219.1
Project("{FAE04EC0-301F-11D3-BF4B-00C04F79EFBC}") = "ExerciciosPropostos_IV", "ExerciciosPropostos_IV\ExerciciosPropostos_IV.csproj", "{7D2283E5-6F94-4698-B86A-D51EB2CCB1E8}"
EndProject
Global
	GlobalSection(SolutionConfigurationPlatforms) = preSolution
		Debug|Any CPU = Debug|Any CPU
		Release|Any CPU = Release|Any CPU
	EndGlobalSection
	GlobalSection(ProjectConfigurationPlatforms) = postSolution
		{7D2283E5-6F94-4698-B86A-D51EB2CCB1E8}.Debug|Any CPU.ActiveCfg = Debug|Any CPU
		{7D2283E5-6F94-4698-B86A-D51EB2CCB1E8}.Debug|Any CPU.Build.0 = Debug|Any CPU
		{7D2283E5-6F94-4698-B86A-D51EB2CCB1E8}.Release|Any CPU.ActiveCfg = Release|Any CPU
		{7D2283E5-6F94-4698-B86A-D51EB2CCB1E8}.Release|Any CPU.Build.0 = Release|Any CPU
	EndGlobalSection
	GlobalSection(SolutionProperties) = preSolution
		HideSolutionNode = FALSE
	EndGlobalSection
	GlobalSection(ExtensibilityGlobals) = postSolution
		SolutionGuid = {870E1E45-E685-4C08-84FF-78C59DFCA2EB}
	EndGlobalSection
EndGlobal
