
Microsoft Visual Studio Solution File, Format Version 12.00
# Visual Studio Version 16
VisualStudioVersion = 16.0.32630.194
MinimumVisualStudioVersion = 10.0.40219.1
Project("{FAE04EC0-301F-11D3-BF4B-00C04F79EFBC}") = "OperadoresAtribuicao", "OperadoresAtribuicao\OperadoresAtribuicao.csproj", "{64D3DD08-C244-4451-828C-6DC9592EBEE7}"
EndProject
Global
	GlobalSection(SolutionConfigurationPlatforms) = preSolution
		Debug|Any CPU = Debug|Any CPU
		Release|Any CPU = Release|Any CPU
	EndGlobalSection
	GlobalSection(ProjectConfigurationPlatforms) = postSolution
		{64D3DD08-C244-4451-828C-6DC9592EBEE7}.Debug|Any CPU.ActiveCfg = Debug|Any CPU
		{64D3DD08-C244-4451-828C-6DC9592EBEE7}.Debug|Any CPU.Build.0 = Debug|Any CPU
		{64D3DD08-C244-4451-828C-6DC9592EBEE7}.Release|Any CPU.ActiveCfg = Release|Any CPU
		{64D3DD08-C244-4451-828C-6DC9592EBEE7}.Release|Any CPU.Build.0 = Release|Any CPU
	EndGlobalSection
	GlobalSection(SolutionProperties) = preSolution
		HideSolutionNode = FALSE
	EndGlobalSection
	GlobalSection(ExtensibilityGlobals) = postSolution
		SolutionGuid = {174680CA-36E5-48E6-AAE0-CB2BF1112746}
	EndGlobalSection
EndGlobal
