
Microsoft Visual Studio Solution File, Format Version 12.00
# Visual Studio Version 16
VisualStudioVersion = 16.0.32630.194
MinimumVisualStudioVersion = 10.0.40219.1
Project("{FAE04EC0-301F-11D3-BF4B-00C04F79EFBC}") = "ProblemaOrientacaoObjeto(Triangulo)", "ProblemaOrientacaoObjeto(Triangulo)\ProblemaOrientacaoObjeto(Triangulo).csproj", "{AA2597D8-5F17-40C5-97F9-5F77FD5F28B9}"
EndProject
Global
	GlobalSection(SolutionConfigurationPlatforms) = preSolution
		Debug|Any CPU = Debug|Any CPU
		Release|Any CPU = Release|Any CPU
	EndGlobalSection
	GlobalSection(ProjectConfigurationPlatforms) = postSolution
		{AA2597D8-5F17-40C5-97F9-5F77FD5F28B9}.Debug|Any CPU.ActiveCfg = Debug|Any CPU
		{AA2597D8-5F17-40C5-97F9-5F77FD5F28B9}.Debug|Any CPU.Build.0 = Debug|Any CPU
		{AA2597D8-5F17-40C5-97F9-5F77FD5F28B9}.Release|Any CPU.ActiveCfg = Release|Any CPU
		{AA2597D8-5F17-40C5-97F9-5F77FD5F28B9}.Release|Any CPU.Build.0 = Release|Any CPU
	EndGlobalSection
	GlobalSection(SolutionProperties) = preSolution
		HideSolutionNode = FALSE
	EndGlobalSection
	GlobalSection(ExtensibilityGlobals) = postSolution
		SolutionGuid = {517E1D92-8EF4-4665-84C9-34FD4DB0C345}
	EndGlobalSection
EndGlobal
