
Microsoft Visual Studio Solution File, Format Version 12.00
# Visual Studio Version 16
VisualStudioVersion = 16.0.32630.194
MinimumVisualStudioVersion = 10.0.40219.1
Project("{FAE04EC0-301F-11D3-BF4B-00C04F79EFBC}") = "ExerciciosEstruturaSequencial", "ExerciciosEstruturaSequencial\ExerciciosEstruturaSequencial.csproj", "{03E2E9BF-C97F-41B5-A655-D701DDFB075A}"
EndProject
Global
	GlobalSection(SolutionConfigurationPlatforms) = preSolution
		Debug|Any CPU = Debug|Any CPU
		Release|Any CPU = Release|Any CPU
	EndGlobalSection
	GlobalSection(ProjectConfigurationPlatforms) = postSolution
		{03E2E9BF-C97F-41B5-A655-D701DDFB075A}.Debug|Any CPU.ActiveCfg = Debug|Any CPU
		{03E2E9BF-C97F-41B5-A655-D701DDFB075A}.Debug|Any CPU.Build.0 = Debug|Any CPU
		{03E2E9BF-C97F-41B5-A655-D701DDFB075A}.Release|Any CPU.ActiveCfg = Release|Any CPU
		{03E2E9BF-C97F-41B5-A655-D701DDFB075A}.Release|Any CPU.Build.0 = Release|Any CPU
	EndGlobalSection
	GlobalSection(SolutionProperties) = preSolution
		HideSolutionNode = FALSE
	EndGlobalSection
	GlobalSection(ExtensibilityGlobals) = postSolution
		SolutionGuid = {D2B542B9-4721-411E-AEB1-2EFAADE544B3}
	EndGlobalSection
EndGlobal
