
Microsoft Visual Studio Solution File, Format Version 12.00
# Visual Studio Version 16
VisualStudioVersion = 16.0.32630.194
MinimumVisualStudioVersion = 10.0.40219.1
Project("{FAE04EC0-301F-11D3-BF4B-00C04F79EFBC}") = "OperadoresLogicos", "OperadoresLogicos\OperadoresLogicos.csproj", "{60354B33-61F9-49D0-B22E-689E2E028AB9}"
EndProject
Global
	GlobalSection(SolutionConfigurationPlatforms) = preSolution
		Debug|Any CPU = Debug|Any CPU
		Release|Any CPU = Release|Any CPU
	EndGlobalSection
	GlobalSection(ProjectConfigurationPlatforms) = postSolution
		{60354B33-61F9-49D0-B22E-689E2E028AB9}.Debug|Any CPU.ActiveCfg = Debug|Any CPU
		{60354B33-61F9-49D0-B22E-689E2E028AB9}.Debug|Any CPU.Build.0 = Debug|Any CPU
		{60354B33-61F9-49D0-B22E-689E2E028AB9}.Release|Any CPU.ActiveCfg = Release|Any CPU
		{60354B33-61F9-49D0-B22E-689E2E028AB9}.Release|Any CPU.Build.0 = Release|Any CPU
	EndGlobalSection
	GlobalSection(SolutionProperties) = preSolution
		HideSolutionNode = FALSE
	EndGlobalSection
	GlobalSection(ExtensibilityGlobals) = postSolution
		SolutionGuid = {A493BB41-F3B2-4DCA-BC07-92E1F086B5BB}
	EndGlobalSection
EndGlobal
